
Microsoft Visual Studio Solution File, Format Version 12.00
# Visual Studio Version 17
VisualStudioVersion = 17.14.36221.1
MinimumVisualStudioVersion = 10.0.40219.1
Project("{FAE04EC0-301F-11D3-BF4B-00C04F79EFBC}") = "TrainMe.Data", "TrainMe.Data\TrainMe.Data.csproj", "{E4F3A758-391E-4FA0-AD83-D1B46D153FD7}"
EndProject
Project("{FAE04EC0-301F-11D3-BF4B-00C04F79EFBC}") = "TrainMe.API", "TrainMe.API\TrainMe.API.csproj", "{06CB3DCA-981F-46C7-9CCA-BA30F5258DBD}"
EndProject
Project("{FAE04EC0-301F-11D3-BF4B-00C04F79EFBC}") = "TrainMe.Services", "TrainMe.Services\TrainMe.Services.csproj", "{E331D4CF-A873-4BA2-99CA-263457C3C53C}"
EndProject
Project("{FAE04EC0-301F-11D3-BF4B-00C04F79EFBC}") = "TrainMe.Core", "TrainMe.Core\TrainMe.Core.csproj", "{B8864268-7F4C-5508-E055-8678F04B314E}"
EndProject
Global
	GlobalSection(SolutionConfigurationPlatforms) = preSolution
		Debug|Any CPU = Debug|Any CPU
		Release|Any CPU = Release|Any CPU
	EndGlobalSection
	GlobalSection(ProjectConfigurationPlatforms) = postSolution
		{E4F3A758-391E-4FA0-AD83-D1B46D153FD7}.Debug|Any CPU.ActiveCfg = Debug|Any CPU
		{E4F3A758-391E-4FA0-AD83-D1B46D153FD7}.Debug|Any CPU.Build.0 = Debug|Any CPU
		{E4F3A758-391E-4FA0-AD83-D1B46D153FD7}.Release|Any CPU.ActiveCfg = Release|Any CPU
		{E4F3A758-391E-4FA0-AD83-D1B46D153FD7}.Release|Any CPU.Build.0 = Release|Any CPU
		{06CB3DCA-981F-46C7-9CCA-BA30F5258DBD}.Debug|Any CPU.ActiveCfg = Debug|Any CPU
		{06CB3DCA-981F-46C7-9CCA-BA30F5258DBD}.Debug|Any CPU.Build.0 = Debug|Any CPU
		{06CB3DCA-981F-46C7-9CCA-BA30F5258DBD}.Release|Any CPU.ActiveCfg = Release|Any CPU
		{06CB3DCA-981F-46C7-9CCA-BA30F5258DBD}.Release|Any CPU.Build.0 = Release|Any CPU
		{E331D4CF-A873-4BA2-99CA-263457C3C53C}.Debug|Any CPU.ActiveCfg = Debug|Any CPU
		{E331D4CF-A873-4BA2-99CA-263457C3C53C}.Debug|Any CPU.Build.0 = Debug|Any CPU
		{E331D4CF-A873-4BA2-99CA-263457C3C53C}.Release|Any CPU.ActiveCfg = Release|Any CPU
		{E331D4CF-A873-4BA2-99CA-263457C3C53C}.Release|Any CPU.Build.0 = Release|Any CPU
		{B8864268-7F4C-5508-E055-8678F04B314E}.Debug|Any CPU.ActiveCfg = Debug|Any CPU
		{B8864268-7F4C-5508-E055-8678F04B314E}.Debug|Any CPU.Build.0 = Debug|Any CPU
		{B8864268-7F4C-5508-E055-8678F04B314E}.Release|Any CPU.ActiveCfg = Release|Any CPU
		{B8864268-7F4C-5508-E055-8678F04B314E}.Release|Any CPU.Build.0 = Release|Any CPU
	EndGlobalSection
	GlobalSection(SolutionProperties) = preSolution
		HideSolutionNode = FALSE
	EndGlobalSection
	GlobalSection(ExtensibilityGlobals) = postSolution
		SolutionGuid = {2871BC58-5CE5-4B63-8A4B-09F0A011FA29}
	EndGlobalSection
EndGlobal
